// !$*UTF8*$!
{
	archiveVersion = 1;
	classes = {
	};
	objectVersion = 46;
	objects = {

/* Begin PBXBuildFile section */
		2B61B0291C925F340008C6B7 /* main.m in Sources */ = {isa = PBXBuildFile; fileRef = 2B61B0281C925F340008C6B7 /* main.m */; };
		2B61B02C1C925F340008C6B7 /* AppDelegate.m in Sources */ = {isa = PBXBuildFile; fileRef = 2B61B02B1C925F340008C6B7 /* AppDelegate.m */; };
		2B61B02F1C925F340008C6B7 /* ViewController.m in Sources */ = {isa = PBXBuildFile; fileRef = 2B61B02E1C925F340008C6B7 /* ViewController.m */; };
		2B61B0321C925F340008C6B7 /* Main.storyboard in Resources */ = {isa = PBXBuildFile; fileRef = 2B61B0301C925F340008C6B7 /* Main.storyboard */; };
		2B61B0341C925F340008C6B7 /* Assets.xcassets in Resources */ = {isa = PBXBuildFile; fileRef = 2B61B0331C925F340008C6B7 /* Assets.xcassets */; };
		2B61B0371C925F340008C6B7 /* LaunchScreen.storyboard in Resources */ = {isa = PBXBuildFile; fileRef = 2B61B0351C925F340008C6B7 /* LaunchScreen.storyboard */; };
		2B61B0421C925F340008C6B7 /* ArraysAndStringsTests.m in Sources */ = {isa = PBXBuildFile; fileRef = 2B61B0411C925F340008C6B7 /* ArraysAndStringsTests.m */; };
		54C0E3959E23F1E32AC396AF /* libPods-CTCITests.a in Frameworks */ = {isa = PBXBuildFile; fileRef = DDF4E6E85E1C75F9C6E9D06E /* libPods-CTCITests.a */; };
		E6EB05BD3CBD3CEC0803069B /* libPods.a in Frameworks */ = {isa = PBXBuildFile; fileRef = 17BBE0A98E3D07C1084035B6 /* libPods.a */; };
/* End PBXBuildFile section */

/* Begin PBXContainerItemProxy section */
		2B61B03E1C925F340008C6B7 /* PBXContainerItemProxy */ = {
			isa = PBXContainerItemProxy;
			containerPortal = 2B61B01C1C925F340008C6B7 /* Project object */;
			proxyType = 1;
			remoteGlobalIDString = 2B61B0231C925F340008C6B7;
			remoteInfo = CTCI;
		};
/* End PBXContainerItemProxy section */

/* Begin PBXFileReference section */
		17BBE0A98E3D07C1084035B6 /* libPods.a */ = {isa = PBXFileReference; explicitFileType = archive.ar; includeInIndex = 0; path = libPods.a; sourceTree = BUILT_PRODUCTS_DIR; };
		2B61B0241C925F340008C6B7 /* CTCI.app */ = {isa = PBXFileReference; explicitFileType = wrapper.application; includeInIndex = 0; path = CTCI.app; sourceTree = BUILT_PRODUCTS_DIR; };
		2B61B0281C925F340008C6B7 /* main.m */ = {isa = PBXFileReference; lastKnownFileType = sourcecode.c.objc; path = main.m; sourceTree = "<group>"; };
		2B61B02A1C925F340008C6B7 /* AppDelegate.h */ = {isa = PBXFileReference; lastKnownFileType = sourcecode.c.h; path = AppDelegate.h; sourceTree = "<group>"; };
		2B61B02B1C925F340008C6B7 /* AppDelegate.m */ = {isa = PBXFileReference; lastKnownFileType = sourcecode.c.objc; path = AppDelegate.m; sourceTree = "<group>"; };
		2B61B02D1C925F340008C6B7 /* ViewController.h */ = {isa = PBXFileReference; lastKnownFileType = sourcecode.c.h; path = ViewController.h; sourceTree = "<group>"; };
		2B61B02E1C925F340008C6B7 /* ViewController.m */ = {isa = PBXFileReference; lastKnownFileType = sourcecode.c.objc; path = ViewController.m; sourceTree = "<group>"; };
		2B61B0311C925F340008C6B7 /* Base */ = {isa = PBXFileReference; lastKnownFileType = file.storyboard; name = Base; path = Base.lproj/Main.storyboard; sourceTree = "<group>"; };
		2B61B0331C925F340008C6B7 /* Assets.xcassets */ = {isa = PBXFileReference; lastKnownFileType = folder.assetcatalog; path = Assets.xcassets; sourceTree = "<group>"; };
		2B61B0361C925F340008C6B7 /* Base */ = {isa = PBXFileReference; lastKnownFileType = file.storyboard; name = Base; path = Base.lproj/LaunchScreen.storyboard; sourceTree = "<group>"; };
		2B61B0381C925F340008C6B7 /* Info.plist */ = {isa = PBXFileReference; lastKnownFileType = text.plist.xml; path = Info.plist; sourceTree = "<group>"; };
		2B61B03D1C925F340008C6B7 /* CTCITests.xctest */ = {isa = PBXFileReference; explicitFileType = wrapper.cfbundle; includeInIndex = 0; path = CTCITests.xctest; sourceTree = BUILT_PRODUCTS_DIR; };
		2B61B0411C925F340008C6B7 /* ArraysAndStringsTests.m */ = {isa = PBXFileReference; lastKnownFileType = sourcecode.c.objc; path = ArraysAndStringsTests.m; sourceTree = "<group>"; };
		2B61B0431C925F340008C6B7 /* Info.plist */ = {isa = PBXFileReference; lastKnownFileType = text.plist.xml; path = Info.plist; sourceTree = "<group>"; };
		2B61B04C1C925F340008C6B7 /* CTCIUITests.m */ = {isa = PBXFileReference; lastKnownFileType = sourcecode.c.objc; path = CTCIUITests.m; sourceTree = "<group>"; };
		2B61B04E1C925F340008C6B7 /* Info.plist */ = {isa = PBXFileReference; lastKnownFileType = text.plist.xml; path = Info.plist; sourceTree = "<group>"; };
		2BC402091C9260E500797D1F /* CTCTestsPrefixHeader.pch */ = {isa = PBXFileReference; fileEncoding = 4; lastKnownFileType = sourcecode.c.h; path = CTCTestsPrefixHeader.pch; sourceTree = "<group>"; };
		6B5D16E349A7F74E32F5E3DC /* Pods.release.xcconfig */ = {isa = PBXFileReference; includeInIndex = 1; lastKnownFileType = text.xcconfig; name = Pods.release.xcconfig; path = "Pods/Target Support Files/Pods/Pods.release.xcconfig"; sourceTree = "<group>"; };
		7BE202AF51FE534E206836E0 /* Pods-CTCITests.debug.xcconfig */ = {isa = PBXFileReference; includeInIndex = 1; lastKnownFileType = text.xcconfig; name = "Pods-CTCITests.debug.xcconfig"; path = "Pods/Target Support Files/Pods-CTCITests/Pods-CTCITests.debug.xcconfig"; sourceTree = "<group>"; };
		B3E0952BF23CCADC8A8E330C /* Pods.debug.xcconfig */ = {isa = PBXFileReference; includeInIndex = 1; lastKnownFileType = text.xcconfig; name = Pods.debug.xcconfig; path = "Pods/Target Support Files/Pods/Pods.debug.xcconfig"; sourceTree = "<group>"; };
		DDF4E6E85E1C75F9C6E9D06E /* libPods-CTCITests.a */ = {isa = PBXFileReference; explicitFileType = archive.ar; includeInIndex = 0; path = "libPods-CTCITests.a"; sourceTree = BUILT_PRODUCTS_DIR; };
		EA3752E2D89EB6025F759FB5 /* Pods-CTCITests.release.xcconfig */ = {isa = PBXFileReference; includeInIndex = 1; lastKnownFileType = text.xcconfig; name = "Pods-CTCITests.release.xcconfig"; path = "Pods/Target Support Files/Pods-CTCITests/Pods-CTCITests.release.xcconfig"; sourceTree = "<group>"; };
/* End PBXFileReference section */

/* Begin PBXFrameworksBuildPhase section */
		2B61B0211C925F340008C6B7 /* Frameworks */ = {
			isa = PBXFrameworksBuildPhase;
			buildActionMask = 2147483647;
			files = (
				E6EB05BD3CBD3CEC0803069B /* libPods.a in Frameworks */,
			);
			runOnlyForDeploymentPostprocessing = 0;
		};
		2B61B03A1C925F340008C6B7 /* Frameworks */ = {
			isa = PBXFrameworksBuildPhase;
			buildActionMask = 2147483647;
			files = (
				54C0E3959E23F1E32AC396AF /* libPods-CTCITests.a in Frameworks */,
			);
			runOnlyForDeploymentPostprocessing = 0;
		};
/* End PBXFrameworksBuildPhase section */

/* Begin PBXGroup section */
		2B61B01B1C925F340008C6B7 = {
			isa = PBXGroup;
			children = (
				2B61B0261C925F340008C6B7 /* CTCI */,
				2B61B0401C925F340008C6B7 /* CTCITests */,
				2B61B04B1C925F340008C6B7 /* CTCIUITests */,
				2B61B0251C925F340008C6B7 /* Products */,
				6507A52989B1F7F542CD5B7A /* Pods */,
				E3169A21B75AEE77BFB8E67B /* Frameworks */,
			);
			sourceTree = "<group>";
		};
		2B61B0251C925F340008C6B7 /* Products */ = {
			isa = PBXGroup;
			children = (
				2B61B0241C925F340008C6B7 /* CTCI.app */,
				2B61B03D1C925F340008C6B7 /* CTCITests.xctest */,
			);
			name = Products;
			sourceTree = "<group>";
		};
		2B61B0261C925F340008C6B7 /* CTCI */ = {
			isa = PBXGroup;
			children = (
				2B61B02A1C925F340008C6B7 /* AppDelegate.h */,
				2B61B02B1C925F340008C6B7 /* AppDelegate.m */,
				2B61B02D1C925F340008C6B7 /* ViewController.h */,
				2B61B02E1C925F340008C6B7 /* ViewController.m */,
				2B61B0301C925F340008C6B7 /* Main.storyboard */,
				2B61B0331C925F340008C6B7 /* Assets.xcassets */,
				2B61B0351C925F340008C6B7 /* LaunchScreen.storyboard */,
				2B61B0381C925F340008C6B7 /* Info.plist */,
				2B61B0271C925F340008C6B7 /* Supporting Files */,
			);
			path = CTCI;
			sourceTree = "<group>";
		};
		2B61B0271C925F340008C6B7 /* Supporting Files */ = {
			isa = PBXGroup;
			children = (
				2B61B0281C925F340008C6B7 /* main.m */,
			);
			name = "Supporting Files";
			sourceTree = "<group>";
		};
		2B61B0401C925F340008C6B7 /* CTCITests */ = {
			isa = PBXGroup;
			children = (
				2B61B0411C925F340008C6B7 /* ArraysAndStringsTests.m */,
				2B61B0431C925F340008C6B7 /* Info.plist */,
				2BC402091C9260E500797D1F /* CTCTestsPrefixHeader.pch */,
			);
			path = CTCITests;
			sourceTree = "<group>";
		};
		2B61B04B1C925F340008C6B7 /* CTCIUITests */ = {
			isa = PBXGroup;
			children = (
				2B61B04C1C925F340008C6B7 /* CTCIUITests.m */,
				2B61B04E1C925F340008C6B7 /* Info.plist */,
			);
			path = CTCIUITests;
			sourceTree = "<group>";
		};
		6507A52989B1F7F542CD5B7A /* Pods */ = {
			isa = PBXGroup;
			children = (
				B3E0952BF23CCADC8A8E330C /* Pods.debug.xcconfig */,
				6B5D16E349A7F74E32F5E3DC /* Pods.release.xcconfig */,
				7BE202AF51FE534E206836E0 /* Pods-CTCITests.debug.xcconfig */,
				EA3752E2D89EB6025F759FB5 /* Pods-CTCITests.release.xcconfig */,
			);
			name = Pods;
			sourceTree = "<group>";
		};
		E3169A21B75AEE77BFB8E67B /* Frameworks */ = {
			isa = PBXGroup;
			children = (
				17BBE0A98E3D07C1084035B6 /* libPods.a */,
				DDF4E6E85E1C75F9C6E9D06E /* libPods-CTCITests.a */,
			);
			name = Frameworks;
			sourceTree = "<group>";
		};
/* End PBXGroup section */

/* Begin PBXNativeTarget section */
		2B61B0231C925F340008C6B7 /* CTCI */ = {
			isa = PBXNativeTarget;
			buildConfigurationList = 2B61B0511C925F340008C6B7 /* Build configuration list for PBXNativeTarget "CTCI" */;
			buildPhases = (
				A1F07E9AC9774F7C9255A431 /* Check Pods Manifest.lock */,
				2B61B0201C925F340008C6B7 /* Sources */,
				2B61B0211C925F340008C6B7 /* Frameworks */,
				2B61B0221C925F340008C6B7 /* Resources */,
				6B8E47FF5E0E9F2C9A280CE3 /* Embed Pods Frameworks */,
				C5F54EF2B23AD1F855D883A6 /* Copy Pods Resources */,
			);
			buildRules = (
			);
			dependencies = (
			);
			name = CTCI;
			productName = CTCI;
			productReference = 2B61B0241C925F340008C6B7 /* CTCI.app */;
			productType = "com.apple.product-type.application";
		};
		2B61B03C1C925F340008C6B7 /* CTCITests */ = {
			isa = PBXNativeTarget;
			buildConfigurationList = 2B61B0541C925F340008C6B7 /* Build configuration list for PBXNativeTarget "CTCITests" */;
			buildPhases = (
				9CFC516C7464DA722206862A /* Check Pods Manifest.lock */,
				2B61B0391C925F340008C6B7 /* Sources */,
				2B61B03A1C925F340008C6B7 /* Frameworks */,
				2B61B03B1C925F340008C6B7 /* Resources */,
				DCEEEC240A2B9CD2CA900716 /* Copy Pods Resources */,
				A8E600D1406791AF2CA0649E /* Embed Pods Frameworks */,
			);
			buildRules = (
			);
			dependencies = (
				2B61B03F1C925F340008C6B7 /* PBXTargetDependency */,
			);
			name = CTCITests;
			productName = CTCITests;
			productReference = 2B61B03D1C925F340008C6B7 /* CTCITests.xctest */;
			productType = "com.apple.product-type.bundle.unit-test";
		};
/* End PBXNativeTarget section */

/* Begin PBXProject section */
		2B61B01C1C925F340008C6B7 /* Project object */ = {
			isa = PBXProject;
			attributes = {
				LastUpgradeCheck = 0720;
				ORGANIZATIONNAME = "Vinayak Badrinathan";
				TargetAttributes = {
					2B61B0231C925F340008C6B7 = {
						CreatedOnToolsVersion = 7.2.1;
					};
					2B61B03C1C925F340008C6B7 = {
						CreatedOnToolsVersion = 7.2.1;
						TestTargetID = 2B61B0231C925F340008C6B7;
					};
				};
			};
			buildConfigurationList = 2B61B01F1C925F340008C6B7 /* Build configuration list for PBXProject "CTCI" */;
			compatibilityVersion = "Xcode 3.2";
			developmentRegion = English;
			hasScannedForEncodings = 0;
			knownRegions = (
				en,
				Base,
			);
			mainGroup = 2B61B01B1C925F340008C6B7;
			productRefGroup = 2B61B0251C925F340008C6B7 /* Products */;
			projectDirPath = "";
			projectRoot = "";
			targets = (
				2B61B0231C925F340008C6B7 /* CTCI */,
				2B61B03C1C925F340008C6B7 /* CTCITests */,
			);
		};
/* End PBXProject section */

/* Begin PBXResourcesBuildPhase section */
		2B61B0221C925F340008C6B7 /* Resources */ = {
			isa = PBXResourcesBuildPhase;
			buildActionMask = 2147483647;
			files = (
				2B61B0371C925F340008C6B7 /* LaunchScreen.storyboard in Resources */,
				2B61B0341C925F340008C6B7 /* Assets.xcassets in Resources */,
				2B61B0321C925F340008C6B7 /* Main.storyboard in Resources */,
			);
			runOnlyForDeploymentPostprocessing = 0;
		};
		2B61B03B1C925F340008C6B7 /* Resources */ = {
			isa = PBXResourcesBuildPhase;
			buildActionMask = 2147483647;
			files = (
			);
			runOnlyForDeploymentPostprocessing = 0;
		};
/* End PBXResourcesBuildPhase section */

/* Begin PBXShellScriptBuildPhase section */
		6B8E47FF5E0E9F2C9A280CE3 /* Embed Pods Frameworks */ = {
			isa = PBXShellScriptBuildPhase;
			buildActionMask = 2147483647;
			files = (
			);
			inputPaths = (
			);
			name = "Embed Pods Frameworks";
			outputPaths = (
			);
			runOnlyForDeploymentPostprocessing = 0;
			shellPath = /bin/sh;
			shellScript = "\"${SRCROOT}/Pods/Target Support Files/Pods/Pods-frameworks.sh\"\n";
			showEnvVarsInLog = 0;
		};
		9CFC516C7464DA722206862A /* Check Pods Manifest.lock */ = {
			isa = PBXShellScriptBuildPhase;
			buildActionMask = 2147483647;
			files = (
			);
			inputPaths = (
			);
			name = "Check Pods Manifest.lock";
			outputPaths = (
			);
			runOnlyForDeploymentPostprocessing = 0;
			shellPath = /bin/sh;
			shellScript = "diff \"${PODS_ROOT}/../Podfile.lock\" \"${PODS_ROOT}/Manifest.lock\" > /dev/null\nif [[ $? != 0 ]] ; then\n    cat << EOM\nerror: The sandbox is not in sync with the Podfile.lock. Run 'pod install' or update your CocoaPods installation.\nEOM\n    exit 1\nfi\n";
			showEnvVarsInLog = 0;
		};
		A1F07E9AC9774F7C9255A431 /* Check Pods Manifest.lock */ = {
			isa = PBXShellScriptBuildPhase;
			buildActionMask = 2147483647;
			files = (
			);
			inputPaths = (
			);
			name = "Check Pods Manifest.lock";
			outputPaths = (
			);
			runOnlyForDeploymentPostprocessing = 0;
			shellPath = /bin/sh;
			shellScript = "diff \"${PODS_ROOT}/../Podfile.lock\" \"${PODS_ROOT}/Manifest.lock\" > /dev/null\nif [[ $? != 0 ]] ; then\n    cat << EOM\nerror: The sandbox is not in sync with the Podfile.lock. Run 'pod install' or update your CocoaPods installation.\nEOM\n    exit 1\nfi\n";
			showEnvVarsInLog = 0;
		};
		A8E600D1406791AF2CA0649E /* Embed Pods Frameworks */ = {
			isa = PBXShellScriptBuildPhase;
			buildActionMask = 2147483647;
			files = (
			);
			inputPaths = (
			);
			name = "Embed Pods Frameworks";
			outputPaths = (
			);
			runOnlyForDeploymentPostprocessing = 0;
			shellPath = /bin/sh;
			shellScript = "\"${SRCROOT}/Pods/Target Support Files/Pods-CTCITests/Pods-CTCITests-frameworks.sh\"\n";
			showEnvVarsInLog = 0;
		};
		C5F54EF2B23AD1F855D883A6 /* Copy Pods Resources */ = {
			isa = PBXShellScriptBuildPhase;
			buildActionMask = 2147483647;
			files = (
			);
			inputPaths = (
			);
			name = "Copy Pods Resources";
			outputPaths = (
			);
			runOnlyForDeploymentPostprocessing = 0;
			shellPath = /bin/sh;
			shellScript = "\"${SRCROOT}/Pods/Target Support Files/Pods/Pods-resources.sh\"\n";
			showEnvVarsInLog = 0;
		};
		DCEEEC240A2B9CD2CA900716 /* Copy Pods Resources */ = {
			isa = PBXShellScriptBuildPhase;
			buildActionMask = 2147483647;
			files = (
			);
			inputPaths = (
			);
			name = "Copy Pods Resources";
			outputPaths = (
			);
			runOnlyForDeploymentPostprocessing = 0;
			shellPath = /bin/sh;
			shellScript = "\"${SRCROOT}/Pods/Target Support Files/Pods-CTCITests/Pods-CTCITests-resources.sh\"\n";
			showEnvVarsInLog = 0;
		};
/* End PBXShellScriptBuildPhase section */

/* Begin PBXSourcesBuildPhase section */
		2B61B0201C925F340008C6B7 /* Sources */ = {
			isa = PBXSourcesBuildPhase;
			buildActionMask = 2147483647;
			files = (
				2B61B02F1C925F340008C6B7 /* ViewController.m in Sources */,
				2B61B02C1C925F340008C6B7 /* AppDelegate.m in Sources */,
				2B61B0291C925F340008C6B7 /* main.m in Sources */,
			);
			runOnlyForDeploymentPostprocessing = 0;
		};
		2B61B0391C925F340008C6B7 /* Sources */ = {
			isa = PBXSourcesBuildPhase;
			buildActionMask = 2147483647;
			files = (
				2B61B0421C925F340008C6B7 /* ArraysAndStringsTests.m in Sources */,
			);
			runOnlyForDeploymentPostprocessing = 0;
		};
/* End PBXSourcesBuildPhase section */

/* Begin PBXTargetDependency section */
		2B61B03F1C925F340008C6B7 /* PBXTargetDependency */ = {
			isa = PBXTargetDependency;
			target = 2B61B0231C925F340008C6B7 /* CTCI */;
			targetProxy = 2B61B03E1C925F340008C6B7 /* PBXContainerItemProxy */;
		};
/* End PBXTargetDependency section */

/* Begin PBXVariantGroup section */
		2B61B0301C925F340008C6B7 /* Main.storyboard */ = {
			isa = PBXVariantGroup;
			children = (
				2B61B0311C925F340008C6B7 /* Base */,
			);
			name = Main.storyboard;
			sourceTree = "<group>";
		};
		2B61B0351C925F340008C6B7 /* LaunchScreen.storyboard */ = {
			isa = PBXVariantGroup;
			children = (
				2B61B0361C925F340008C6B7 /* Base */,
			);
			name = LaunchScreen.storyboard;
			sourceTree = "<group>";
		};
/* End PBXVariantGroup section */

/* Begin XCBuildConfiguration section */
		2B61B04F1C925F340008C6B7 /* Debug */ = {
			isa = XCBuildConfiguration;
			buildSettings = {
				ALWAYS_SEARCH_USER_PATHS = NO;
				CLANG_CXX_LANGUAGE_STANDARD = "gnu++0x";
				CLANG_CXX_LIBRARY = "libc++";
				CLANG_ENABLE_MODULES = YES;
				CLANG_ENABLE_OBJC_ARC = YES;
				CLANG_WARN_BOOL_CONVERSION = YES;
				CLANG_WARN_CONSTANT_CONVERSION = YES;
				CLANG_WARN_DIRECT_OBJC_ISA_USAGE = YES_ERROR;
				CLANG_WARN_EMPTY_BODY = YES;
				CLANG_WARN_ENUM_CONVERSION = YES;
				CLANG_WARN_INT_CONVERSION = YES;
				CLANG_WARN_OBJC_ROOT_CLASS = YES_ERROR;
				CLANG_WARN_UNREACHABLE_CODE = YES;
				CLANG_WARN__DUPLICATE_METHOD_MATCH = YES;
				"CODE_SIGN_IDENTITY[sdk=iphoneos*]" = "iPhone Developer";
				COPY_PHASE_STRIP = NO;
				DEBUG_INFORMATION_FORMAT = dwarf;
				ENABLE_STRICT_OBJC_MSGSEND = YES;
				ENABLE_TESTABILITY = YES;
				GCC_C_LANGUAGE_STANDARD = gnu99;
				GCC_DYNAMIC_NO_PIC = NO;
				GCC_NO_COMMON_BLOCKS = YES;
				GCC_OPTIMIZATION_LEVEL = 0;
				GCC_PREPROCESSOR_DEFINITIONS = (
					"DEBUG=1",
					"$(inherited)",
				);
				GCC_WARN_64_TO_32_BIT_CONVERSION = YES;
				GCC_WARN_ABOUT_RETURN_TYPE = YES_ERROR;
				GCC_WARN_UNDECLARED_SELECTOR = YES;
				GCC_WARN_UNINITIALIZED_AUTOS = YES_AGGRESSIVE;
				GCC_WARN_UNUSED_FUNCTION = YES;
				GCC_WARN_UNUSED_VARIABLE = YES;
				IPHONEOS_DEPLOYMENT_TARGET = 9.2;
				MTL_ENABLE_DEBUG_INFO = YES;
				ONLY_ACTIVE_ARCH = YES;
				SDKROOT = iphoneos;
				TARGETED_DEVICE_FAMILY = "1,2";
			};
			name = Debug;
		};
		2B61B0501C925F340008C6B7 /* Release */ = {
			isa = XCBuildConfiguration;
			buildSettings = {
				ALWAYS_SEARCH_USER_PATHS = NO;
				CLANG_CXX_LANGUAGE_STANDARD = "gnu++0x";
				CLANG_CXX_LIBRARY = "libc++";
				CLANG_ENABLE_MODULES = YES;
				CLANG_ENABLE_OBJC_ARC = YES;
				CLANG_WARN_BOOL_CONVERSION = YES;
				CLANG_WARN_CONSTANT_CONVERSION = YES;
				CLANG_WARN_DIRECT_OBJC_ISA_USAGE = YES_ERROR;
				CLANG_WARN_EMPTY_BODY = YES;
				CLANG_WARN_ENUM_CONVERSION = YES;
				CLANG_WARN_INT_CONVERSION = YES;
				CLANG_WARN_OBJC_ROOT_CLASS = YES_ERROR;
				CLANG_WARN_UNREACHABLE_CODE = YES;
				CLANG_WARN__DUPLICATE_METHOD_MATCH = YES;
				"CODE_SIGN_IDENTITY[sdk=iphoneos*]" = "iPhone Developer";
				COPY_PHASE_STRIP = NO;
				DEBUG_INFORMATION_FORMAT = "dwarf-with-dsym";
				ENABLE_NS_ASSERTIONS = NO;
				ENABLE_STRICT_OBJC_MSGSEND = YES;
				GCC_C_LANGUAGE_STANDARD = gnu99;
				GCC_NO_COMMON_BLOCKS = YES;
				GCC_WARN_64_TO_32_BIT_CONVERSION = YES;
				GCC_WARN_ABOUT_RETURN_TYPE = YES_ERROR;
				GCC_WARN_UNDECLARED_SELECTOR = YES;
				GCC_WARN_UNINITIALIZED_AUTOS = YES_AGGRESSIVE;
				GCC_WARN_UNUSED_FUNCTION = YES;
				GCC_WARN_UNUSED_VARIABLE = YES;
				IPHONEOS_DEPLOYMENT_TARGET = 9.2;
				MTL_ENABLE_DEBUG_INFO = NO;
				SDKROOT = iphoneos;
				TARGETED_DEVICE_FAMILY = "1,2";
				VALIDATE_PRODUCT = YES;
			};
			name = Release;
		};
		2B61B0521C925F340008C6B7 /* Debug */ = {
			isa = XCBuildConfiguration;
			baseConfigurationReference = B3E0952BF23CCADC8A8E330C /* Pods.debug.xcconfig */;
			buildSettings = {
				ASSETCATALOG_COMPILER_APPICON_NAME = AppIcon;
				GCC_PREFIX_HEADER = "";
				INFOPLIST_FILE = CTCI/Info.plist;
				LD_RUNPATH_SEARCH_PATHS = "$(inherited) @executable_path/Frameworks";
				PRODUCT_BUNDLE_IDENTIFIER = com.vinnybad.CTCI;
				PRODUCT_NAME = "$(TARGET_NAME)";
				USER_HEADER_SEARCH_PATHS = "";
			};
			name = Debug;
		};
		2B61B0531C925F340008C6B7 /* Release */ = {
			isa = XCBuildConfiguration;
			baseConfigurationReference = 6B5D16E349A7F74E32F5E3DC /* Pods.release.xcconfig */;
			buildSettings = {
				ASSETCATALOG_COMPILER_APPICON_NAME = AppIcon;
				GCC_PREFIX_HEADER = "";
				INFOPLIST_FILE = CTCI/Info.plist;
				LD_RUNPATH_SEARCH_PATHS = "$(inherited) @executable_path/Frameworks";
				PRODUCT_BUNDLE_IDENTIFIER = com.vinnybad.CTCI;
				PRODUCT_NAME = "$(TARGET_NAME)";
				USER_HEADER_SEARCH_PATHS = "";
			};
			name = Release;
		};
		2B61B0551C925F340008C6B7 /* Debug */ = {
			isa = XCBuildConfiguration;
			baseConfigurationReference = 7BE202AF51FE534E206836E0 /* Pods-CTCITests.debug.xcconfig */;
			buildSettings = {
				BUNDLE_LOADER = "$(TEST_HOST)";
				GCC_PREFIX_HEADER = CTCITests/CTCTestsPrefixHeader.pch;
				INFOPLIST_FILE = CTCITests/Info.plist;
				LD_RUNPATH_SEARCH_PATHS = "$(inherited) @executable_path/Frameworks @loader_path/Frameworks";
				PRODUCT_BUNDLE_IDENTIFIER = com.vinnybad.CTCITests;
				PRODUCT_NAME = "$(TARGET_NAME)";
				TEST_HOST = "$(BUILT_PRODUCTS_DIR)/CTCI.app/CTCI";
			};
			name = Debug;
		};
		2B61B0561C925F340008C6B7 /* Release */ = {
			isa = XCBuildConfiguration;
			baseConfigurationReference = EA3752E2D89EB6025F759FB5 /* Pods-CTCITests.release.xcconfig */;
			buildSettings = {
				BUNDLE_LOADER = "$(TEST_HOST)";
				GCC_PREFIX_HEADER = CTCITests/CTCTestsPrefixHeader.pch;
				INFOPLIST_FILE = CTCITests/Info.plist;
				LD_RUNPATH_SEARCH_PATHS = "$(inherited) @executable_path/Frameworks @loader_path/Frameworks";
				PRODUCT_BUNDLE_IDENTIFIER = com.vinnybad.CTCITests;
				PRODUCT_NAME = "$(TARGET_NAME)";
				TEST_HOST = "$(BUILT_PRODUCTS_DIR)/CTCI.app/CTCI";
			};
			name = Release;
		};
/* End XCBuildConfiguration section */

/* Begin XCConfigurationList section */
		2B61B01F1C925F340008C6B7 /* Build configuration list for PBXProject "CTCI" */ = {
			isa = XCConfigurationList;
			buildConfigurations = (
				2B61B04F1C925F340008C6B7 /* Debug */,
				2B61B0501C925F340008C6B7 /* Release */,
			);
			defaultConfigurationIsVisible = 0;
			defaultConfigurationName = Release;
		};
		2B61B0511C925F340008C6B7 /* Build configuration list for PBXNativeTarget "CTCI" */ = {
			isa = XCConfigurationList;
			buildConfigurations = (
				2B61B0521C925F340008C6B7 /* Debug */,
				2B61B0531C925F340008C6B7 /* Release */,
			);
			defaultConfigurationIsVisible = 0;
			defaultConfigurationName = Release;
		};
		2B61B0541C925F340008C6B7 /* Build configuration list for PBXNativeTarget "CTCITests" */ = {
			isa = XCConfigurationList;
			buildConfigurations = (
				2B61B0551C925F340008C6B7 /* Debug */,
				2B61B0561C925F340008C6B7 /* Release */,
			);
			defaultConfigurationIsVisible = 0;
			defaultConfigurationName = Release;
		};
/* End XCConfigurationList section */
	};
	rootObject = 2B61B01C1C925F340008C6B7 /* Project object */;
}
